{
  "requires": true,
  "lockfileVersion": 1,
  "dependencies": {
    "@types/node": {
      "version": "12.12.6",
      "resolved": "https://registry.npmjs.org/@types/node/-/node-12.12.6.tgz",
      "integrity": "sha512-FjsYUPzEJdGXjwKqSpE0/9QEh6kzhTAeObA54rn6j3rR4C/mzpI9L0KNfoeASSPMMdxIsoJuCLDWcM/rVjIsSA==",
      "dev": true
    },
    "@types/resolve": {
      "version": "0.0.8",
      "resolved": "https://registry.npmjs.org/@types/resolve/-/resolve-0.0.8.tgz",
      "integrity": "sha512-auApPaJf3NPfe18hSoJkp8EbZzer2ISk7o8mCC3M9he/a04+gbMF97NkpD2S8riMGvm4BMRI59/SZQSaLTKpsQ==",
      "dev": true,
      "requires": {
        "@types/node": "*"
      }
    },
    "builtin-modules": {
      "version": "3.1.0",
      "resolved": "https://registry.npmjs.org/builtin-modules/-/builtin-modules-3.1.0.tgz",
      "integrity": "sha512-k0KL0aWZuBt2lrxrcASWDfwOLMnodeQjodT/1SxEQAXsHANgo6ZC/VEaSEHCXt7aSTZ4/4H5LKa+tBXmW7Vtvw==",
      "dev": true
    },
    "estree-walker": {
      "version": "0.6.1",
      "resolved": "https://registry.npmjs.org/estree-walker/-/estree-walker-0.6.1.tgz",
      "integrity": "sha512-SqmZANLWS0mnatqbSfRP5g8OXZC12Fgg1IwNtLsyHDzJizORW4khDfjPqJZsemPWBB2uqykUah5YpQ6epsqC/w==",
      "dev": true
    },
    "idb": {
      "version": "4.0.5",
      "resolved": "https://registry.npmjs.org/idb/-/idb-4.0.5.tgz",
      "integrity": "sha512-P+Fk9HT2h1DhXoE1YNK183SY+CRh2GHNh28de94sGwhe0bUA75JJeVJWt3SenE5p0BXK7maflIq29dl6UZHrFw=="
    },
    "is-module": {
      "version": "1.0.0",
      "resolved": "https://registry.npmjs.org/is-module/-/is-module-1.0.0.tgz",
      "integrity": "sha1-Mlj7afeMFNW4FdZkM2tM/7ZEFZE=",
      "dev": true
    },
    "js-cleanup": {
      "version": "1.0.1",
      "resolved": "https://registry.npmjs.org/js-cleanup/-/js-cleanup-1.0.1.tgz",
      "integrity": "sha512-wyHeWKqbcQV78/tiMJ6pgJrkG7p2u3b2xX9IJFvvurpJL9/++89dHfkUebhWvSMS84LG0uQ7BnG5GGyAzY21Ag==",
      "dev": true,
      "requires": {
        "magic-string": "^0.25.1",
        "perf-regexes": "^1.0.1",
        "skip-regex": "^1.0.2"
      }
    },
    "magic-string": {
      "version": "0.25.4",
      "resolved": "https://registry.npmjs.org/magic-string/-/magic-string-0.25.4.tgz",
      "integrity": "sha512-oycWO9nEVAP2RVPbIoDoA4Y7LFIJ3xRYov93gAyJhZkET1tNuB0u7uWkZS2LpBWTJUWnmau/To8ECWRC+jKNfw==",
      "dev": true,
      "requires": {
        "sourcemap-codec": "^1.4.4"
      }
    },
    "path-parse": {
      "version": "1.0.6",
      "resolved": "https://registry.npmjs.org/path-parse/-/path-parse-1.0.6.tgz",
      "integrity": "sha512-GSmOT2EbHrINBf9SR7CDELwlJ8AENk3Qn7OikK4nFYAu3Ote2+JYNVvkpAEQm3/TLNEJFD/xZJjzyxg3KBWOzw==",
      "dev": true
    },
    "perf-regexes": {
      "version": "1.0.1",
      "resolved": "https://registry.npmjs.org/perf-regexes/-/perf-regexes-1.0.1.tgz",
      "integrity": "sha512-L7MXxUDtqr4PUaLFCDCXBfGV/6KLIuSEccizDI7JxT+c9x1G1v04BQ4+4oag84SHaCdrBgQAIs/Cqn+flwFPng==",
      "dev": true
    },
    "resolve": {
      "version": "1.12.0",
      "resolved": "https://registry.npmjs.org/resolve/-/resolve-1.12.0.tgz",
      "integrity": "sha512-B/dOmuoAik5bKcD6s6nXDCjzUKnaDvdkRyAk6rsmsKLipWj4797iothd7jmmUhWTfinVMU+wc56rYKsit2Qy4w==",
      "dev": true,
      "requires": {
        "path-parse": "^1.0.6"
      }
    },
    "rollup-plugin-cleanup": {
      "version": "3.1.1",
      "resolved": "https://registry.npmjs.org/rollup-plugin-cleanup/-/rollup-plugin-cleanup-3.1.1.tgz",
      "integrity": "sha512-wMS9JQm4ShvlMqno1pOfqvh0yYgNLO2ZgmzDsVvKuDt4XCn+9DcMoUwRQ5t9p9b113dR5FhPFFUHnvvQ/yuEtA==",
      "dev": true,
      "requires": {
        "js-cleanup": "^1.0.1",
        "rollup-pluginutils": "^2.3.3"
      }
    },
    "rollup-plugin-node-resolve": {
      "version": "5.2.0",
      "resolved": "https://registry.npmjs.org/rollup-plugin-node-resolve/-/rollup-plugin-node-resolve-5.2.0.tgz",
      "integrity": "sha512-jUlyaDXts7TW2CqQ4GaO5VJ4PwwaV8VUGA7+km3n6k6xtOEacf61u0VXwN80phY/evMcaS+9eIeJ9MOyDxt5Zw==",
      "dev": true,
      "requires": {
        "@types/resolve": "0.0.8",
        "builtin-modules": "^3.1.0",
        "is-module": "^1.0.0",
        "resolve": "^1.11.1",
        "rollup-pluginutils": "^2.8.1"
      }
    },
    "rollup-pluginutils": {
      "version": "2.8.2",
      "resolved": "https://registry.npmjs.org/rollup-pluginutils/-/rollup-pluginutils-2.8.2.tgz",
      "integrity": "sha512-EEp9NhnUkwY8aif6bxgovPHMoMoNr2FulJziTndpt5H9RdwC47GSGuII9XxpSdzVGM0GWrNPHV6ie1LTNJPaLQ==",
      "dev": true,
      "requires": {
        "estree-walker": "^0.6.1"
      }
    },
    "skip-regex": {
      "version": "1.0.2",
      "resolved": "https://registry.npmjs.org/skip-regex/-/skip-regex-1.0.2.tgz",
      "integrity": "sha512-pEjMUbwJ5Pl/6Vn6FsamXHXItJXSRftcibixDmNCWbWhic0hzHrwkMZo0IZ7fMRH9KxcWDFSkzhccB4285PutA==",
      "dev": true
    },
    "sourcemap-codec": {
      "version": "1.4.6",
      "resolved": "https://registry.npmjs.org/sourcemap-codec/-/sourcemap-codec-1.4.6.tgz",
      "integrity": "sha512-1ZooVLYFxC448piVLBbtOxFcXwnymH9oUF8nRd3CuYDVvkRBxRl6pB4Mtas5a4drtL+E8LDgFkQNcgIw6tc8Hg==",
      "dev": true
    }
  }
}
